
Microsoft Visual Studio Solution File, Format Version 12.00
# Visual Studio 15
VisualStudioVersion = 15.0.26430.15
MinimumVisualStudioVersion = 10.0.40219.1
Project("{2150E333-8FDC-42A3-9474-1A3956D46DE8}") = "Configuration", "Configuration", "{F347A85D-6FF5-4927-B5CF-54D81954E6A2}"
	ProjectSection(SolutionItems) = preProject
		.gitattributes = .gitattributes
		.gitignore = .gitignore
		scripts\applytransform.targets = scripts\applytransform.targets
		gulp-config.js = gulp-config.js
		gulpfile.js = gulpfile.js
		LICENSE = LICENSE
		package.json = package.json
		package.xml = package.xml
		publishsettings.targets = publishsettings.targets
		README.md = README.md
		WebEssentials2015-Settings.json = WebEssentials2015-Settings.json
		z.Habitat.DevSettings.config = z.Habitat.DevSettings.config
	EndProjectSection
EndProject
Project("{2150E333-8FDC-42A3-9474-1A3956D46DE8}") = "Feature", "Feature", "{755F9E42-1707-4E1A-AE6D-3FD8A25118C0}"
EndProject
Project("{2150E333-8FDC-42A3-9474-1A3956D46DE8}") = "Foundation", "Foundation", "{D2CBE02E-6AA7-4343-9A01-891F971A17F5}"
EndProject
Project("{2150E333-8FDC-42A3-9474-1A3956D46DE8}") = "Project", "Project", "{9A8FD752-FF60-4789-8251-E1D8FF290F3F}"
EndProject
Project("{2150E333-8FDC-42A3-9474-1A3956D46DE8}") = "Header", "Header", "{C1D78DFB-3F41-476E-82BB-7ECA03AFED24}"
EndProject
Project("{FAE04EC0-301F-11D3-BF4B-00C04F79EFBC}") = "AIE.Careers.Feature.Header", "src\Feature\Header\code\AIE.Careers.Feature.Header.csproj", "{BD105840-81A4-4CBC-B895-F1A90417C593}"
EndProject
Project("{2150E333-8FDC-42A3-9474-1A3956D46DE8}") = "Common", "Common", "{991E017B-3B2E-4758-8018-61BC6AC320B6}"
EndProject
Project("{FAE04EC0-301F-11D3-BF4B-00C04F79EFBC}") = "AIE.Careers.Foundation.Common", "src\Foundation\Common\code\AIE.Careers.Foundation.Common.csproj", "{0A324921-23B0-4052-AC19-50B8584C7ABD}"
EndProject
Project("{2150E333-8FDC-42A3-9474-1A3956D46DE8}") = "Website", "Website", "{D696EA6B-3E78-4FB2-BBB1-7A6B9917C233}"
EndProject
Project("{FAE04EC0-301F-11D3-BF4B-00C04F79EFBC}") = "AIE.Careers.Website", "src\Project\Website\code\AIE.Careers.Website.csproj", "{4FE2AF77-FC9F-434C-B092-EF3732C52114}"
EndProject
Project("{2150E333-8FDC-42A3-9474-1A3956D46DE8}") = "Footer", "Footer", "{6E80A5BF-C414-40B2-A117-2EF1F8E8C3A5}"
EndProject
Project("{FAE04EC0-301F-11D3-BF4B-00C04F79EFBC}") = "AIE.Careers.Feature.Footer", "src\Feature\Footer\code\AIE.Careers.Feature.Footer.csproj", "{EFE6AE3B-7657-43E9-8FEF-302D164BF07C}"
EndProject
Project("{2150E333-8FDC-42A3-9474-1A3956D46DE8}") = "Testimonials", "Testimonials", "{BF0060B9-1C43-4433-8EEF-6E7ABAEDC902}"
EndProject
Project("{FAE04EC0-301F-11D3-BF4B-00C04F79EFBC}") = "AIE.Careers.Feature.Testimonials", "src\Feature\Testimonials\code\AIE.Careers.Feature.Testimonials.csproj", "{5386975C-C511-4E94-A0A8-50ADB9E638ED}"
EndProject
Project("{2150E333-8FDC-42A3-9474-1A3956D46DE8}") = "CareersGlassdoor", "CareersGlassdoor", "{071F706B-F1DE-43BC-B6D4-1586C8A3595A}"
EndProject
Project("{FAE04EC0-301F-11D3-BF4B-00C04F79EFBC}") = "AIE.Careers.Feature.CareersGlassdoor", "src\Feature\CareersGlassdoor\code\AIE.Careers.Feature.CareersGlassdoor.csproj", "{7F39376A-89AC-4982-9BB2-D2F638D89CDC}"
EndProject
Project("{2150E333-8FDC-42A3-9474-1A3956D46DE8}") = "Opportunities", "Opportunities", "{EE425C4E-A777-479F-A666-A0542BE33A68}"
EndProject
Project("{FAE04EC0-301F-11D3-BF4B-00C04F79EFBC}") = "AIE.Careers.Feature.Opportunities", "src\Feature\Opportunities\code\AIE.Careers.Feature.Opportunities.csproj", "{CE4CA8BA-6D31-4463-AC4C-9C1ED8BD7163}"
EndProject
Project("{2150E333-8FDC-42A3-9474-1A3956D46DE8}") = "Employees", "Employees", "{ADC7BF6D-DD3D-4499-A81B-7150DD1A2EE3}"
EndProject
Project("{FAE04EC0-301F-11D3-BF4B-00C04F79EFBC}") = "AIE.Careers.Feature.Employees", "src\Feature\Employees\code\AIE.Careers.Feature.Employees.csproj", "{534E4E18-D61C-4753-9B83-3CDD0D00A7CB}"
EndProject
Project("{2150E333-8FDC-42A3-9474-1A3956D46DE8}") = "HomeCTA", "HomeCTA", "{3E8EEAA5-B665-4FD7-851F-05B0C12AC0BA}"
EndProject
Project("{FAE04EC0-301F-11D3-BF4B-00C04F79EFBC}") = "AIE.Careers.Feature.HomeCTA", "src\Feature\HomeCTA\code\AIE.Careers.Feature.HomeCTA.csproj", "{DB9D686B-8D45-43CD-BFED-DA4F6DF2A254}"
EndProject
Project("{2150E333-8FDC-42A3-9474-1A3956D46DE8}") = "JobsBanner", "JobsBanner", "{986426DC-F124-4647-BD0C-1A2F89A1E88E}"
EndProject
Project("{FAE04EC0-301F-11D3-BF4B-00C04F79EFBC}") = "AIE.Careers.Feature.JobsBanner", "src\Feature\JobsBanner\code\AIE.Careers.Feature.JobsBanner.csproj", "{06BA0001-FFB6-43E2-909B-52BC4F1E5162}"
EndProject
Project("{2150E333-8FDC-42A3-9474-1A3956D46DE8}") = "WorkwaveCTA", "WorkwaveCTA", "{7156ACA5-0079-44F9-88F2-BD2980E890AC}"
EndProject
Project("{FAE04EC0-301F-11D3-BF4B-00C04F79EFBC}") = "AIE.Careers.Feature.WorkwaveCTA", "src\Feature\WorkwaveCTA\code\AIE.Careers.Feature.WorkwaveCTA.csproj", "{FDBD0989-993A-49D9-9DBD-D51DFACF6542}"
EndProject
Project("{2150E333-8FDC-42A3-9474-1A3956D46DE8}") = "CultureCTA", "CultureCTA", "{08914330-A236-409A-A8AE-C35E668ECFA0}"
EndProject
Project("{FAE04EC0-301F-11D3-BF4B-00C04F79EFBC}") = "AIE.Careers.Feature.CultureCTA", "src\Feature\CultureCTA\code\AIE.Careers.Feature.CultureCTA.csproj", "{344B915E-F9F3-419D-84B6-7D17694833C9}"
EndProject
Project("{2150E333-8FDC-42A3-9474-1A3956D46DE8}") = "LocatoinsCTA", "LocatoinsCTA", "{27CC34F8-FA93-41FE-9AF6-5FA0848BC810}"
EndProject
Project("{FAE04EC0-301F-11D3-BF4B-00C04F79EFBC}") = "AIE.Careers.Feature.LocationsCTA", "src\Feature\LocationsCTA\code\AIE.Careers.Feature.LocationsCTA.csproj", "{3F05DC6E-BF06-4C04-BB92-DBA9FEDD9852}"
EndProject
Project("{2150E333-8FDC-42A3-9474-1A3956D46DE8}") = "Locations", "Locations", "{C1B6231F-32E4-4085-BAAF-60C85FA1711C}"
EndProject
Project("{FAE04EC0-301F-11D3-BF4B-00C04F79EFBC}") = "AIE.Careers.Feature.Locations", "src\Feature\Locations\code\AIE.Careers.Feature.Locations.csproj", "{D968D1E9-B450-4F5F-8214-B29053004550}"
EndProject
Project("{2150E333-8FDC-42A3-9474-1A3956D46DE8}") = "ImageGallery", "ImageGallery", "{0290ADAA-3CB1-47B8-8DD5-DBE624A387F9}"
EndProject
Project("{FAE04EC0-301F-11D3-BF4B-00C04F79EFBC}") = "AIE.Careers.Feature.ImageGallery", "src\Feature\ImageGallery\code\AIE.Careers.Feature.ImageGallery.csproj", "{4A4DC624-6BFA-4879-889E-CE738DBEAC05}"
EndProject
Project("{2150E333-8FDC-42A3-9474-1A3956D46DE8}") = "Imageslideshow", "Imageslideshow", "{298AA90C-BF62-4FE8-89B3-7D2B6E391BF1}"
EndProject
Project("{FAE04EC0-301F-11D3-BF4B-00C04F79EFBC}") = "AIE.Careers.Feature.Imageslideshow", "src\Feature\Imageslideshow\code\AIE.Careers.Feature.Imageslideshow.csproj", "{9A382AAA-5A76-4EF0-B2DF-09ADA335042C}"
EndProject
Project("{2150E333-8FDC-42A3-9474-1A3956D46DE8}") = "Articles", "Articles", "{BD9A040E-A5B6-4F23-83B3-49615274575F}"
EndProject
Project("{FAE04EC0-301F-11D3-BF4B-00C04F79EFBC}") = "AIE.Careers.Feature.Articles", "src\Feature\Articles\code\AIE.Careers.Feature.Articles.csproj", "{6FC35F15-44DC-49B8-BB76-CED70D89536C}"
EndProject
Project("{2150E333-8FDC-42A3-9474-1A3956D46DE8}") = "ImagePanel", "ImagePanel", "{E3EB1EB8-4F22-4E15-82C0-37CD01A5A49F}"
EndProject
Project("{FAE04EC0-301F-11D3-BF4B-00C04F79EFBC}") = "AIE.Careers.Feature.ImagePanel", "src\Feature\ImagePanel\code\AIE.Careers.Feature.ImagePanel.csproj", "{6F60BA7C-48A7-435E-BE26-6FD932F52279}"
EndProject
Project("{2150E333-8FDC-42A3-9474-1A3956D46DE8}") = "ImageList", "ImageList", "{B0874399-70FA-4FED-9839-CC086993AC01}"
EndProject
Project("{FAE04EC0-301F-11D3-BF4B-00C04F79EFBC}") = "AIE.Careers.Feature.ImageList", "src\Feature\ImageList\code\AIE.Careers.Feature.ImageList.csproj", "{D8B9C069-52EB-4D81-A160-6B0C81DA352A}"
EndProject
Project("{2150E333-8FDC-42A3-9474-1A3956D46DE8}") = "2ColImageTextRightPanel", "2ColImageTextRightPanel", "{D9493B89-1FA1-4CDA-AC21-9B4A8F1878EB}"
EndProject
Project("{FAE04EC0-301F-11D3-BF4B-00C04F79EFBC}") = "AIE.Careers.Feature.TwoColImageTextR", "src\Feature\2ColImageTextRightPanel\code\AIE.Careers.Feature.TwoColImageTextR.csproj", "{5264DF2D-18D9-4B72-AE85-693243E0CD44}"
EndProject
Project("{2150E333-8FDC-42A3-9474-1A3956D46DE8}") = "2ColImageTextLeftPanel", "2ColImageTextLeftPanel", "{C68C7CBD-01F4-4C72-88A5-BF13605B7283}"
EndProject
Project("{2150E333-8FDC-42A3-9474-1A3956D46DE8}") = "Chart", "Chart", "{2CCC029A-ED96-4BB0-8419-74E28067321E}"
EndProject
Project("{FAE04EC0-301F-11D3-BF4B-00C04F79EFBC}") = "AIE.Careers.Feature.Chart", "src\Feature\Chart\code\AIE.Careers.Feature.Chart.csproj", "{A8113A01-D37B-4D58-847C-AE8E582FFA41}"
EndProject
Project("{2150E333-8FDC-42A3-9474-1A3956D46DE8}") = "SearchJobs", "SearchJobs", "{6BAC5A48-BF18-4CF1-BD9C-C2272A605F61}"
EndProject
Project("{FAE04EC0-301F-11D3-BF4B-00C04F79EFBC}") = "AIE.Careers.Feature.SearchJobs", "src\Feature\SearchJobs\code\AIE.Careers.Feature.SearchJobs.csproj", "{F90AD47E-DBB6-4F03-A879-973BA42DE01E}"
EndProject
Project("{2150E333-8FDC-42A3-9474-1A3956D46DE8}") = "TextCTA", "TextCTA", "{5B9574F3-4D9B-4A87-A240-D3F9232FB8F2}"
EndProject
Project("{FAE04EC0-301F-11D3-BF4B-00C04F79EFBC}") = "AIE.Careers.Feature.TextCTA", "src\Feature\TextCTA\code\AIE.Careers.Feature.TextCTA.csproj", "{49D2696F-89DA-4EEC-8654-923A43A40F10}"
EndProject
Project("{2150E333-8FDC-42A3-9474-1A3956D46DE8}") = "ImageTextPanel", "ImageTextPanel", "{3BEBCCA5-3F23-4B00-BF41-354F5FFF4528}"
EndProject
Project("{FAE04EC0-301F-11D3-BF4B-00C04F79EFBC}") = "AIE.Careers.Feature.ImageTextPanel", "src\Feature\ImageTextPanel\code\AIE.Careers.Feature.ImageTextPanel.csproj", "{A7B019C9-7FEF-46D6-B727-3E2A2462DFE1}"
EndProject
Project("{2150E333-8FDC-42A3-9474-1A3956D46DE8}") = "3ColImageTextPanel", "3ColImageTextPanel", "{05C145AD-EC32-451E-8DC9-C6F6EA37FA51}"
EndProject
Project("{FAE04EC0-301F-11D3-BF4B-00C04F79EFBC}") = "AIE.Careers.Feature.ThreeColImgTextPanel", "3ColImageTextPanel\code\AIE.Careers.Feature.ThreeColImgTextPanel.csproj", "{9F7F8B1E-B796-47F7-A54C-7D6BAEB61FDE}"
EndProject
Project("{2150E333-8FDC-42A3-9474-1A3956D46DE8}") = "Map", "Map", "{D6359908-A92A-4538-BC71-B652A2CF95C2}"
EndProject
Project("{FAE04EC0-301F-11D3-BF4B-00C04F79EFBC}") = "AIE.Careers.Feature.Map", "src\Feature\Map\code\AIE.Careers.Feature.Map.csproj", "{FAFE4758-CBBD-4428-B5A1-CAFA9DB8175F}"
EndProject
Project("{2150E333-8FDC-42A3-9474-1A3956D46DE8}") = "AboutTeam", "AboutTeam", "{388ED787-FC11-4DAA-8A81-B11F59437018}"
EndProject
Project("{2150E333-8FDC-42A3-9474-1A3956D46DE8}") = "Support", "Support", "{AA6330DC-E31B-4AEB-9D15-93AA0DA0A25A}"
EndProject
Project("{FAE04EC0-301F-11D3-BF4B-00C04F79EFBC}") = "AIE.Careers.Feature.Support", "src\Feature\Support\code\AIE.Careers.Feature.Support.csproj", "{8AE36D91-7100-4262-BBBA-8EDC48BAB9AD}"
EndProject
Project("{2150E333-8FDC-42A3-9474-1A3956D46DE8}") = "3RowTextPanel", "3RowTextPanel", "{9C76F682-4382-4400-8A71-87914E0CE671}"
EndProject
Project("{FAE04EC0-301F-11D3-BF4B-00C04F79EFBC}") = "AIE.Careers.Feature.ThreeRowTextPanel", "src\Feature\3RowTextPanel\code\AIE.Careers.Feature.ThreeRowTextPanel.csproj", "{2A630573-2F69-4B4A-AF79-F4503C079E2F}"
EndProject
Project("{2150E333-8FDC-42A3-9474-1A3956D46DE8}") = "ImageThumb", "ImageThumb", "{D0D0E900-9D6E-409C-90D9-EECD8272F5E8}"
EndProject
Project("{FAE04EC0-301F-11D3-BF4B-00C04F79EFBC}") = "AIE.Careers.Feature.ImageThumb", "src\Feature\ImageThumb\code\AIE.Careers.Feature.ImageThumb.csproj", "{B77D5A6F-B771-43B8-B8BF-6ADA8A733494}"
EndProject
Project("{FAE04EC0-301F-11D3-BF4B-00C04F79EFBC}") = "AIE.Careers.Feature.OurCultureTA", "src\Feature\OurCultureCTA\code\AIE.Careers.Feature.OurCultureTA.csproj", "{8204C79D-1128-4B18-9BD9-7D999CF380D7}"
EndProject
Project("{2150E333-8FDC-42A3-9474-1A3956D46DE8}") = "4ColImageTextPanel", "4ColImageTextPanel", "{BDD043AE-8522-4633-A775-8DA29F2236DF}"
EndProject
Project("{FAE04EC0-301F-11D3-BF4B-00C04F79EFBC}") = "AIE.Careers.Feature.FourColImageTextPanel", "src\Feature\4ColImageTextPanel\code\AIE.Careers.Feature.FourColImageTextPanel.csproj", "{E5F88724-B614-494A-ADD4-586A79FD21D5}"
EndProject
Project("{2150E333-8FDC-42A3-9474-1A3956D46DE8}") = "2ColImageTextPanel", "2ColImageTextPanel", "{EA689A9E-5AD7-436D-B30A-072F5E9062A5}"
EndProject
Project("{FAE04EC0-301F-11D3-BF4B-00C04F79EFBC}") = "AIE.Careers.Feature.TwoColImageTextPanel", "src\Feature\2ColImageTextPanel\code\AIE.Careers.Feature.TwoColImageTextPanel.csproj", "{1C57574B-FC98-4401-B746-5C5763196FC5}"
EndProject
Project("{2150E333-8FDC-42A3-9474-1A3956D46DE8}") = "SiteMapLinks", "SiteMapLinks", "{1140F702-D051-4880-810C-E35C54459DEC}"
EndProject
Project("{FAE04EC0-301F-11D3-BF4B-00C04F79EFBC}") = "AIE.Careers.Feature.SiteMapLinks", "src\Feature\SiteMapLinks\code\AIE.Careers.Feature.SiteMapLinks.csproj", "{77C2EAC4-6FBD-4482-A829-7FFAB5B53AEC}"
EndProject
Project("{2150E333-8FDC-42A3-9474-1A3956D46DE8}") = "Growth", "Growth", "{97351903-D687-4F70-BD6F-7A05144EDD43}"
EndProject
Project("{FAE04EC0-301F-11D3-BF4B-00C04F79EFBC}") = "AIE.Careers.Feature.LongevityGrowth", "src\Feature\LongevityGrowth\code\AIE.Careers.Feature.LongevityGrowth.csproj", "{24AF1094-C581-45C1-969B-AFD2821F0DDC}"
EndProject
Project("{FAE04EC0-301F-11D3-BF4B-00C04F79EFBC}") = "AIE.Careers.Feature.TwoColImageTextL", "src\Feature\2ColImageTextLeftPanel\code\AIE.Careers.Feature.TwoColImageTextL.csproj", "{8B995FCD-0BD2-4C33-B4DC-00A5DC8202CC}"
EndProject
Project("{FAE04EC0-301F-11D3-BF4B-00C04F79EFBC}") = "AIE.Careers.Feature.AboutTeam", "src\Feature\AboutTeam\code\AIE.Careers.Feature.AboutTeam.csproj", "{7F1389D6-F83E-44A8-B519-A3B843F55B61}"
EndProject
Global
	GlobalSection(SolutionConfigurationPlatforms) = preSolution
		Debug|Any CPU = Debug|Any CPU
		Release|Any CPU = Release|Any CPU
	EndGlobalSection
	GlobalSection(ProjectConfigurationPlatforms) = postSolution
		{BD105840-81A4-4CBC-B895-F1A90417C593}.Debug|Any CPU.ActiveCfg = Debug|Any CPU
		{BD105840-81A4-4CBC-B895-F1A90417C593}.Debug|Any CPU.Build.0 = Debug|Any CPU
		{BD105840-81A4-4CBC-B895-F1A90417C593}.Release|Any CPU.ActiveCfg = Release|Any CPU
		{BD105840-81A4-4CBC-B895-F1A90417C593}.Release|Any CPU.Build.0 = Release|Any CPU
		{0A324921-23B0-4052-AC19-50B8584C7ABD}.Debug|Any CPU.ActiveCfg = Debug|Any CPU
		{0A324921-23B0-4052-AC19-50B8584C7ABD}.Debug|Any CPU.Build.0 = Debug|Any CPU
		{0A324921-23B0-4052-AC19-50B8584C7ABD}.Release|Any CPU.ActiveCfg = Release|Any CPU
		{0A324921-23B0-4052-AC19-50B8584C7ABD}.Release|Any CPU.Build.0 = Release|Any CPU
		{4FE2AF77-FC9F-434C-B092-EF3732C52114}.Debug|Any CPU.ActiveCfg = Debug|Any CPU
		{4FE2AF77-FC9F-434C-B092-EF3732C52114}.Debug|Any CPU.Build.0 = Debug|Any CPU
		{4FE2AF77-FC9F-434C-B092-EF3732C52114}.Release|Any CPU.ActiveCfg = Release|Any CPU
		{4FE2AF77-FC9F-434C-B092-EF3732C52114}.Release|Any CPU.Build.0 = Release|Any CPU
		{EFE6AE3B-7657-43E9-8FEF-302D164BF07C}.Debug|Any CPU.ActiveCfg = Debug|Any CPU
		{EFE6AE3B-7657-43E9-8FEF-302D164BF07C}.Debug|Any CPU.Build.0 = Debug|Any CPU
		{EFE6AE3B-7657-43E9-8FEF-302D164BF07C}.Release|Any CPU.ActiveCfg = Release|Any CPU
		{EFE6AE3B-7657-43E9-8FEF-302D164BF07C}.Release|Any CPU.Build.0 = Release|Any CPU
		{5386975C-C511-4E94-A0A8-50ADB9E638ED}.Debug|Any CPU.ActiveCfg = Debug|Any CPU
		{5386975C-C511-4E94-A0A8-50ADB9E638ED}.Debug|Any CPU.Build.0 = Debug|Any CPU
		{5386975C-C511-4E94-A0A8-50ADB9E638ED}.Release|Any CPU.ActiveCfg = Release|Any CPU
		{5386975C-C511-4E94-A0A8-50ADB9E638ED}.Release|Any CPU.Build.0 = Release|Any CPU
		{7F39376A-89AC-4982-9BB2-D2F638D89CDC}.Debug|Any CPU.ActiveCfg = Debug|Any CPU
		{7F39376A-89AC-4982-9BB2-D2F638D89CDC}.Debug|Any CPU.Build.0 = Debug|Any CPU
		{7F39376A-89AC-4982-9BB2-D2F638D89CDC}.Release|Any CPU.ActiveCfg = Release|Any CPU
		{7F39376A-89AC-4982-9BB2-D2F638D89CDC}.Release|Any CPU.Build.0 = Release|Any CPU
		{CE4CA8BA-6D31-4463-AC4C-9C1ED8BD7163}.Debug|Any CPU.ActiveCfg = Debug|Any CPU
		{CE4CA8BA-6D31-4463-AC4C-9C1ED8BD7163}.Debug|Any CPU.Build.0 = Debug|Any CPU
		{CE4CA8BA-6D31-4463-AC4C-9C1ED8BD7163}.Release|Any CPU.ActiveCfg = Release|Any CPU
		{CE4CA8BA-6D31-4463-AC4C-9C1ED8BD7163}.Release|Any CPU.Build.0 = Release|Any CPU
		{534E4E18-D61C-4753-9B83-3CDD0D00A7CB}.Debug|Any CPU.ActiveCfg = Debug|Any CPU
		{534E4E18-D61C-4753-9B83-3CDD0D00A7CB}.Debug|Any CPU.Build.0 = Debug|Any CPU
		{534E4E18-D61C-4753-9B83-3CDD0D00A7CB}.Release|Any CPU.ActiveCfg = Release|Any CPU
		{534E4E18-D61C-4753-9B83-3CDD0D00A7CB}.Release|Any CPU.Build.0 = Release|Any CPU
		{DB9D686B-8D45-43CD-BFED-DA4F6DF2A254}.Debug|Any CPU.ActiveCfg = Debug|Any CPU
		{DB9D686B-8D45-43CD-BFED-DA4F6DF2A254}.Debug|Any CPU.Build.0 = Debug|Any CPU
		{DB9D686B-8D45-43CD-BFED-DA4F6DF2A254}.Release|Any CPU.ActiveCfg = Release|Any CPU
		{DB9D686B-8D45-43CD-BFED-DA4F6DF2A254}.Release|Any CPU.Build.0 = Release|Any CPU
		{06BA0001-FFB6-43E2-909B-52BC4F1E5162}.Debug|Any CPU.ActiveCfg = Debug|Any CPU
		{06BA0001-FFB6-43E2-909B-52BC4F1E5162}.Debug|Any CPU.Build.0 = Debug|Any CPU
		{06BA0001-FFB6-43E2-909B-52BC4F1E5162}.Release|Any CPU.ActiveCfg = Release|Any CPU
		{06BA0001-FFB6-43E2-909B-52BC4F1E5162}.Release|Any CPU.Build.0 = Release|Any CPU
		{FDBD0989-993A-49D9-9DBD-D51DFACF6542}.Debug|Any CPU.ActiveCfg = Debug|Any CPU
		{FDBD0989-993A-49D9-9DBD-D51DFACF6542}.Debug|Any CPU.Build.0 = Debug|Any CPU
		{FDBD0989-993A-49D9-9DBD-D51DFACF6542}.Release|Any CPU.ActiveCfg = Release|Any CPU
		{FDBD0989-993A-49D9-9DBD-D51DFACF6542}.Release|Any CPU.Build.0 = Release|Any CPU
		{344B915E-F9F3-419D-84B6-7D17694833C9}.Debug|Any CPU.ActiveCfg = Debug|Any CPU
		{344B915E-F9F3-419D-84B6-7D17694833C9}.Debug|Any CPU.Build.0 = Debug|Any CPU
		{344B915E-F9F3-419D-84B6-7D17694833C9}.Release|Any CPU.ActiveCfg = Release|Any CPU
		{344B915E-F9F3-419D-84B6-7D17694833C9}.Release|Any CPU.Build.0 = Release|Any CPU
		{3F05DC6E-BF06-4C04-BB92-DBA9FEDD9852}.Debug|Any CPU.ActiveCfg = Debug|Any CPU
		{3F05DC6E-BF06-4C04-BB92-DBA9FEDD9852}.Debug|Any CPU.Build.0 = Debug|Any CPU
		{3F05DC6E-BF06-4C04-BB92-DBA9FEDD9852}.Release|Any CPU.ActiveCfg = Release|Any CPU
		{3F05DC6E-BF06-4C04-BB92-DBA9FEDD9852}.Release|Any CPU.Build.0 = Release|Any CPU
		{D968D1E9-B450-4F5F-8214-B29053004550}.Debug|Any CPU.ActiveCfg = Debug|Any CPU
		{D968D1E9-B450-4F5F-8214-B29053004550}.Debug|Any CPU.Build.0 = Debug|Any CPU
		{D968D1E9-B450-4F5F-8214-B29053004550}.Release|Any CPU.ActiveCfg = Release|Any CPU
		{D968D1E9-B450-4F5F-8214-B29053004550}.Release|Any CPU.Build.0 = Release|Any CPU
		{4A4DC624-6BFA-4879-889E-CE738DBEAC05}.Debug|Any CPU.ActiveCfg = Debug|Any CPU
		{4A4DC624-6BFA-4879-889E-CE738DBEAC05}.Debug|Any CPU.Build.0 = Debug|Any CPU
		{4A4DC624-6BFA-4879-889E-CE738DBEAC05}.Release|Any CPU.ActiveCfg = Release|Any CPU
		{4A4DC624-6BFA-4879-889E-CE738DBEAC05}.Release|Any CPU.Build.0 = Release|Any CPU
		{9A382AAA-5A76-4EF0-B2DF-09ADA335042C}.Debug|Any CPU.ActiveCfg = Debug|Any CPU
		{9A382AAA-5A76-4EF0-B2DF-09ADA335042C}.Debug|Any CPU.Build.0 = Debug|Any CPU
		{9A382AAA-5A76-4EF0-B2DF-09ADA335042C}.Release|Any CPU.ActiveCfg = Release|Any CPU
		{9A382AAA-5A76-4EF0-B2DF-09ADA335042C}.Release|Any CPU.Build.0 = Release|Any CPU
		{6FC35F15-44DC-49B8-BB76-CED70D89536C}.Debug|Any CPU.ActiveCfg = Debug|Any CPU
		{6FC35F15-44DC-49B8-BB76-CED70D89536C}.Debug|Any CPU.Build.0 = Debug|Any CPU
		{6FC35F15-44DC-49B8-BB76-CED70D89536C}.Release|Any CPU.ActiveCfg = Release|Any CPU
		{6FC35F15-44DC-49B8-BB76-CED70D89536C}.Release|Any CPU.Build.0 = Release|Any CPU
		{6F60BA7C-48A7-435E-BE26-6FD932F52279}.Debug|Any CPU.ActiveCfg = Debug|Any CPU
		{6F60BA7C-48A7-435E-BE26-6FD932F52279}.Debug|Any CPU.Build.0 = Debug|Any CPU
		{6F60BA7C-48A7-435E-BE26-6FD932F52279}.Release|Any CPU.ActiveCfg = Release|Any CPU
		{6F60BA7C-48A7-435E-BE26-6FD932F52279}.Release|Any CPU.Build.0 = Release|Any CPU
		{D8B9C069-52EB-4D81-A160-6B0C81DA352A}.Debug|Any CPU.ActiveCfg = Debug|Any CPU
		{D8B9C069-52EB-4D81-A160-6B0C81DA352A}.Debug|Any CPU.Build.0 = Debug|Any CPU
		{D8B9C069-52EB-4D81-A160-6B0C81DA352A}.Release|Any CPU.ActiveCfg = Release|Any CPU
		{D8B9C069-52EB-4D81-A160-6B0C81DA352A}.Release|Any CPU.Build.0 = Release|Any CPU
		{5264DF2D-18D9-4B72-AE85-693243E0CD44}.Debug|Any CPU.ActiveCfg = Debug|Any CPU
		{5264DF2D-18D9-4B72-AE85-693243E0CD44}.Debug|Any CPU.Build.0 = Debug|Any CPU
		{5264DF2D-18D9-4B72-AE85-693243E0CD44}.Release|Any CPU.ActiveCfg = Release|Any CPU
		{5264DF2D-18D9-4B72-AE85-693243E0CD44}.Release|Any CPU.Build.0 = Release|Any CPU
		{A8113A01-D37B-4D58-847C-AE8E582FFA41}.Debug|Any CPU.ActiveCfg = Debug|Any CPU
		{A8113A01-D37B-4D58-847C-AE8E582FFA41}.Debug|Any CPU.Build.0 = Debug|Any CPU
		{A8113A01-D37B-4D58-847C-AE8E582FFA41}.Release|Any CPU.ActiveCfg = Release|Any CPU
		{A8113A01-D37B-4D58-847C-AE8E582FFA41}.Release|Any CPU.Build.0 = Release|Any CPU
		{F90AD47E-DBB6-4F03-A879-973BA42DE01E}.Debug|Any CPU.ActiveCfg = Debug|Any CPU
		{F90AD47E-DBB6-4F03-A879-973BA42DE01E}.Debug|Any CPU.Build.0 = Debug|Any CPU
		{F90AD47E-DBB6-4F03-A879-973BA42DE01E}.Release|Any CPU.ActiveCfg = Release|Any CPU
		{F90AD47E-DBB6-4F03-A879-973BA42DE01E}.Release|Any CPU.Build.0 = Release|Any CPU
		{49D2696F-89DA-4EEC-8654-923A43A40F10}.Debug|Any CPU.ActiveCfg = Debug|Any CPU
		{49D2696F-89DA-4EEC-8654-923A43A40F10}.Debug|Any CPU.Build.0 = Debug|Any CPU
		{49D2696F-89DA-4EEC-8654-923A43A40F10}.Release|Any CPU.ActiveCfg = Release|Any CPU
		{49D2696F-89DA-4EEC-8654-923A43A40F10}.Release|Any CPU.Build.0 = Release|Any CPU
		{A7B019C9-7FEF-46D6-B727-3E2A2462DFE1}.Debug|Any CPU.ActiveCfg = Debug|Any CPU
		{A7B019C9-7FEF-46D6-B727-3E2A2462DFE1}.Debug|Any CPU.Build.0 = Debug|Any CPU
		{A7B019C9-7FEF-46D6-B727-3E2A2462DFE1}.Release|Any CPU.ActiveCfg = Release|Any CPU
		{A7B019C9-7FEF-46D6-B727-3E2A2462DFE1}.Release|Any CPU.Build.0 = Release|Any CPU
		{9F7F8B1E-B796-47F7-A54C-7D6BAEB61FDE}.Debug|Any CPU.ActiveCfg = Debug|Any CPU
		{9F7F8B1E-B796-47F7-A54C-7D6BAEB61FDE}.Debug|Any CPU.Build.0 = Debug|Any CPU
		{9F7F8B1E-B796-47F7-A54C-7D6BAEB61FDE}.Release|Any CPU.ActiveCfg = Release|Any CPU
		{9F7F8B1E-B796-47F7-A54C-7D6BAEB61FDE}.Release|Any CPU.Build.0 = Release|Any CPU
		{FAFE4758-CBBD-4428-B5A1-CAFA9DB8175F}.Debug|Any CPU.ActiveCfg = Debug|Any CPU
		{FAFE4758-CBBD-4428-B5A1-CAFA9DB8175F}.Debug|Any CPU.Build.0 = Debug|Any CPU
		{FAFE4758-CBBD-4428-B5A1-CAFA9DB8175F}.Release|Any CPU.ActiveCfg = Release|Any CPU
		{FAFE4758-CBBD-4428-B5A1-CAFA9DB8175F}.Release|Any CPU.Build.0 = Release|Any CPU
		{8AE36D91-7100-4262-BBBA-8EDC48BAB9AD}.Debug|Any CPU.ActiveCfg = Debug|Any CPU
		{8AE36D91-7100-4262-BBBA-8EDC48BAB9AD}.Debug|Any CPU.Build.0 = Debug|Any CPU
		{8AE36D91-7100-4262-BBBA-8EDC48BAB9AD}.Release|Any CPU.ActiveCfg = Release|Any CPU
		{8AE36D91-7100-4262-BBBA-8EDC48BAB9AD}.Release|Any CPU.Build.0 = Release|Any CPU
		{2A630573-2F69-4B4A-AF79-F4503C079E2F}.Debug|Any CPU.ActiveCfg = Debug|Any CPU
		{2A630573-2F69-4B4A-AF79-F4503C079E2F}.Debug|Any CPU.Build.0 = Debug|Any CPU
		{2A630573-2F69-4B4A-AF79-F4503C079E2F}.Release|Any CPU.ActiveCfg = Release|Any CPU
		{2A630573-2F69-4B4A-AF79-F4503C079E2F}.Release|Any CPU.Build.0 = Release|Any CPU
		{B77D5A6F-B771-43B8-B8BF-6ADA8A733494}.Debug|Any CPU.ActiveCfg = Debug|Any CPU
		{B77D5A6F-B771-43B8-B8BF-6ADA8A733494}.Debug|Any CPU.Build.0 = Debug|Any CPU
		{B77D5A6F-B771-43B8-B8BF-6ADA8A733494}.Release|Any CPU.ActiveCfg = Release|Any CPU
		{B77D5A6F-B771-43B8-B8BF-6ADA8A733494}.Release|Any CPU.Build.0 = Release|Any CPU
		{8204C79D-1128-4B18-9BD9-7D999CF380D7}.Debug|Any CPU.ActiveCfg = Debug|Any CPU
		{8204C79D-1128-4B18-9BD9-7D999CF380D7}.Debug|Any CPU.Build.0 = Debug|Any CPU
		{8204C79D-1128-4B18-9BD9-7D999CF380D7}.Release|Any CPU.ActiveCfg = Release|Any CPU
		{8204C79D-1128-4B18-9BD9-7D999CF380D7}.Release|Any CPU.Build.0 = Release|Any CPU
		{E5F88724-B614-494A-ADD4-586A79FD21D5}.Debug|Any CPU.ActiveCfg = Debug|Any CPU
		{E5F88724-B614-494A-ADD4-586A79FD21D5}.Debug|Any CPU.Build.0 = Debug|Any CPU
		{E5F88724-B614-494A-ADD4-586A79FD21D5}.Release|Any CPU.ActiveCfg = Release|Any CPU
		{E5F88724-B614-494A-ADD4-586A79FD21D5}.Release|Any CPU.Build.0 = Release|Any CPU
		{1C57574B-FC98-4401-B746-5C5763196FC5}.Debug|Any CPU.ActiveCfg = Debug|Any CPU
		{1C57574B-FC98-4401-B746-5C5763196FC5}.Debug|Any CPU.Build.0 = Debug|Any CPU
		{1C57574B-FC98-4401-B746-5C5763196FC5}.Release|Any CPU.ActiveCfg = Release|Any CPU
		{1C57574B-FC98-4401-B746-5C5763196FC5}.Release|Any CPU.Build.0 = Release|Any CPU
		{77C2EAC4-6FBD-4482-A829-7FFAB5B53AEC}.Debug|Any CPU.ActiveCfg = Debug|Any CPU
		{77C2EAC4-6FBD-4482-A829-7FFAB5B53AEC}.Debug|Any CPU.Build.0 = Debug|Any CPU
		{77C2EAC4-6FBD-4482-A829-7FFAB5B53AEC}.Release|Any CPU.ActiveCfg = Release|Any CPU
		{77C2EAC4-6FBD-4482-A829-7FFAB5B53AEC}.Release|Any CPU.Build.0 = Release|Any CPU
		{24AF1094-C581-45C1-969B-AFD2821F0DDC}.Debug|Any CPU.ActiveCfg = Debug|Any CPU
		{24AF1094-C581-45C1-969B-AFD2821F0DDC}.Debug|Any CPU.Build.0 = Debug|Any CPU
		{24AF1094-C581-45C1-969B-AFD2821F0DDC}.Release|Any CPU.ActiveCfg = Release|Any CPU
		{24AF1094-C581-45C1-969B-AFD2821F0DDC}.Release|Any CPU.Build.0 = Release|Any CPU
		{8B995FCD-0BD2-4C33-B4DC-00A5DC8202CC}.Debug|Any CPU.ActiveCfg = Debug|Any CPU
		{8B995FCD-0BD2-4C33-B4DC-00A5DC8202CC}.Debug|Any CPU.Build.0 = Debug|Any CPU
		{8B995FCD-0BD2-4C33-B4DC-00A5DC8202CC}.Release|Any CPU.ActiveCfg = Release|Any CPU
		{8B995FCD-0BD2-4C33-B4DC-00A5DC8202CC}.Release|Any CPU.Build.0 = Release|Any CPU
		{7F1389D6-F83E-44A8-B519-A3B843F55B61}.Debug|Any CPU.ActiveCfg = Debug|Any CPU
		{7F1389D6-F83E-44A8-B519-A3B843F55B61}.Debug|Any CPU.Build.0 = Debug|Any CPU
		{7F1389D6-F83E-44A8-B519-A3B843F55B61}.Release|Any CPU.ActiveCfg = Release|Any CPU
		{7F1389D6-F83E-44A8-B519-A3B843F55B61}.Release|Any CPU.Build.0 = Release|Any CPU
	EndGlobalSection
	GlobalSection(SolutionProperties) = preSolution
		HideSolutionNode = FALSE
	EndGlobalSection
	GlobalSection(NestedProjects) = preSolution
		{C1D78DFB-3F41-476E-82BB-7ECA03AFED24} = {755F9E42-1707-4E1A-AE6D-3FD8A25118C0}
		{BD105840-81A4-4CBC-B895-F1A90417C593} = {C1D78DFB-3F41-476E-82BB-7ECA03AFED24}
		{991E017B-3B2E-4758-8018-61BC6AC320B6} = {D2CBE02E-6AA7-4343-9A01-891F971A17F5}
		{0A324921-23B0-4052-AC19-50B8584C7ABD} = {991E017B-3B2E-4758-8018-61BC6AC320B6}
		{D696EA6B-3E78-4FB2-BBB1-7A6B9917C233} = {9A8FD752-FF60-4789-8251-E1D8FF290F3F}
		{4FE2AF77-FC9F-434C-B092-EF3732C52114} = {D696EA6B-3E78-4FB2-BBB1-7A6B9917C233}
		{6E80A5BF-C414-40B2-A117-2EF1F8E8C3A5} = {755F9E42-1707-4E1A-AE6D-3FD8A25118C0}
		{EFE6AE3B-7657-43E9-8FEF-302D164BF07C} = {6E80A5BF-C414-40B2-A117-2EF1F8E8C3A5}
		{BF0060B9-1C43-4433-8EEF-6E7ABAEDC902} = {755F9E42-1707-4E1A-AE6D-3FD8A25118C0}
		{5386975C-C511-4E94-A0A8-50ADB9E638ED} = {BF0060B9-1C43-4433-8EEF-6E7ABAEDC902}
		{071F706B-F1DE-43BC-B6D4-1586C8A3595A} = {755F9E42-1707-4E1A-AE6D-3FD8A25118C0}
		{7F39376A-89AC-4982-9BB2-D2F638D89CDC} = {071F706B-F1DE-43BC-B6D4-1586C8A3595A}
		{EE425C4E-A777-479F-A666-A0542BE33A68} = {755F9E42-1707-4E1A-AE6D-3FD8A25118C0}
		{CE4CA8BA-6D31-4463-AC4C-9C1ED8BD7163} = {EE425C4E-A777-479F-A666-A0542BE33A68}
		{ADC7BF6D-DD3D-4499-A81B-7150DD1A2EE3} = {755F9E42-1707-4E1A-AE6D-3FD8A25118C0}
		{534E4E18-D61C-4753-9B83-3CDD0D00A7CB} = {ADC7BF6D-DD3D-4499-A81B-7150DD1A2EE3}
		{3E8EEAA5-B665-4FD7-851F-05B0C12AC0BA} = {755F9E42-1707-4E1A-AE6D-3FD8A25118C0}
		{DB9D686B-8D45-43CD-BFED-DA4F6DF2A254} = {3E8EEAA5-B665-4FD7-851F-05B0C12AC0BA}
		{986426DC-F124-4647-BD0C-1A2F89A1E88E} = {755F9E42-1707-4E1A-AE6D-3FD8A25118C0}
		{06BA0001-FFB6-43E2-909B-52BC4F1E5162} = {986426DC-F124-4647-BD0C-1A2F89A1E88E}
		{7156ACA5-0079-44F9-88F2-BD2980E890AC} = {755F9E42-1707-4E1A-AE6D-3FD8A25118C0}
		{FDBD0989-993A-49D9-9DBD-D51DFACF6542} = {7156ACA5-0079-44F9-88F2-BD2980E890AC}
		{08914330-A236-409A-A8AE-C35E668ECFA0} = {755F9E42-1707-4E1A-AE6D-3FD8A25118C0}
		{344B915E-F9F3-419D-84B6-7D17694833C9} = {08914330-A236-409A-A8AE-C35E668ECFA0}
		{27CC34F8-FA93-41FE-9AF6-5FA0848BC810} = {755F9E42-1707-4E1A-AE6D-3FD8A25118C0}
		{3F05DC6E-BF06-4C04-BB92-DBA9FEDD9852} = {27CC34F8-FA93-41FE-9AF6-5FA0848BC810}
		{C1B6231F-32E4-4085-BAAF-60C85FA1711C} = {755F9E42-1707-4E1A-AE6D-3FD8A25118C0}
		{D968D1E9-B450-4F5F-8214-B29053004550} = {C1B6231F-32E4-4085-BAAF-60C85FA1711C}
		{0290ADAA-3CB1-47B8-8DD5-DBE624A387F9} = {755F9E42-1707-4E1A-AE6D-3FD8A25118C0}
		{4A4DC624-6BFA-4879-889E-CE738DBEAC05} = {0290ADAA-3CB1-47B8-8DD5-DBE624A387F9}
		{298AA90C-BF62-4FE8-89B3-7D2B6E391BF1} = {755F9E42-1707-4E1A-AE6D-3FD8A25118C0}
		{9A382AAA-5A76-4EF0-B2DF-09ADA335042C} = {298AA90C-BF62-4FE8-89B3-7D2B6E391BF1}
		{BD9A040E-A5B6-4F23-83B3-49615274575F} = {755F9E42-1707-4E1A-AE6D-3FD8A25118C0}
		{6FC35F15-44DC-49B8-BB76-CED70D89536C} = {BD9A040E-A5B6-4F23-83B3-49615274575F}
		{E3EB1EB8-4F22-4E15-82C0-37CD01A5A49F} = {755F9E42-1707-4E1A-AE6D-3FD8A25118C0}
		{6F60BA7C-48A7-435E-BE26-6FD932F52279} = {E3EB1EB8-4F22-4E15-82C0-37CD01A5A49F}
		{B0874399-70FA-4FED-9839-CC086993AC01} = {755F9E42-1707-4E1A-AE6D-3FD8A25118C0}
		{D8B9C069-52EB-4D81-A160-6B0C81DA352A} = {B0874399-70FA-4FED-9839-CC086993AC01}
		{D9493B89-1FA1-4CDA-AC21-9B4A8F1878EB} = {755F9E42-1707-4E1A-AE6D-3FD8A25118C0}
		{5264DF2D-18D9-4B72-AE85-693243E0CD44} = {D9493B89-1FA1-4CDA-AC21-9B4A8F1878EB}
		{C68C7CBD-01F4-4C72-88A5-BF13605B7283} = {755F9E42-1707-4E1A-AE6D-3FD8A25118C0}
		{2CCC029A-ED96-4BB0-8419-74E28067321E} = {755F9E42-1707-4E1A-AE6D-3FD8A25118C0}
		{A8113A01-D37B-4D58-847C-AE8E582FFA41} = {2CCC029A-ED96-4BB0-8419-74E28067321E}
		{6BAC5A48-BF18-4CF1-BD9C-C2272A605F61} = {755F9E42-1707-4E1A-AE6D-3FD8A25118C0}
		{F90AD47E-DBB6-4F03-A879-973BA42DE01E} = {6BAC5A48-BF18-4CF1-BD9C-C2272A605F61}
		{5B9574F3-4D9B-4A87-A240-D3F9232FB8F2} = {755F9E42-1707-4E1A-AE6D-3FD8A25118C0}
		{49D2696F-89DA-4EEC-8654-923A43A40F10} = {5B9574F3-4D9B-4A87-A240-D3F9232FB8F2}
		{3BEBCCA5-3F23-4B00-BF41-354F5FFF4528} = {755F9E42-1707-4E1A-AE6D-3FD8A25118C0}
		{A7B019C9-7FEF-46D6-B727-3E2A2462DFE1} = {3BEBCCA5-3F23-4B00-BF41-354F5FFF4528}
		{05C145AD-EC32-451E-8DC9-C6F6EA37FA51} = {755F9E42-1707-4E1A-AE6D-3FD8A25118C0}
		{9F7F8B1E-B796-47F7-A54C-7D6BAEB61FDE} = {05C145AD-EC32-451E-8DC9-C6F6EA37FA51}
		{D6359908-A92A-4538-BC71-B652A2CF95C2} = {755F9E42-1707-4E1A-AE6D-3FD8A25118C0}
		{FAFE4758-CBBD-4428-B5A1-CAFA9DB8175F} = {D6359908-A92A-4538-BC71-B652A2CF95C2}
		{388ED787-FC11-4DAA-8A81-B11F59437018} = {755F9E42-1707-4E1A-AE6D-3FD8A25118C0}
		{AA6330DC-E31B-4AEB-9D15-93AA0DA0A25A} = {755F9E42-1707-4E1A-AE6D-3FD8A25118C0}
		{8AE36D91-7100-4262-BBBA-8EDC48BAB9AD} = {AA6330DC-E31B-4AEB-9D15-93AA0DA0A25A}
		{9C76F682-4382-4400-8A71-87914E0CE671} = {755F9E42-1707-4E1A-AE6D-3FD8A25118C0}
		{2A630573-2F69-4B4A-AF79-F4503C079E2F} = {9C76F682-4382-4400-8A71-87914E0CE671}
		{D0D0E900-9D6E-409C-90D9-EECD8272F5E8} = {755F9E42-1707-4E1A-AE6D-3FD8A25118C0}
		{B77D5A6F-B771-43B8-B8BF-6ADA8A733494} = {D0D0E900-9D6E-409C-90D9-EECD8272F5E8}
		{8204C79D-1128-4B18-9BD9-7D999CF380D7} = {08914330-A236-409A-A8AE-C35E668ECFA0}
		{BDD043AE-8522-4633-A775-8DA29F2236DF} = {755F9E42-1707-4E1A-AE6D-3FD8A25118C0}
		{E5F88724-B614-494A-ADD4-586A79FD21D5} = {BDD043AE-8522-4633-A775-8DA29F2236DF}
		{EA689A9E-5AD7-436D-B30A-072F5E9062A5} = {755F9E42-1707-4E1A-AE6D-3FD8A25118C0}
		{1C57574B-FC98-4401-B746-5C5763196FC5} = {EA689A9E-5AD7-436D-B30A-072F5E9062A5}
		{1140F702-D051-4880-810C-E35C54459DEC} = {755F9E42-1707-4E1A-AE6D-3FD8A25118C0}
		{77C2EAC4-6FBD-4482-A829-7FFAB5B53AEC} = {1140F702-D051-4880-810C-E35C54459DEC}
		{97351903-D687-4F70-BD6F-7A05144EDD43} = {755F9E42-1707-4E1A-AE6D-3FD8A25118C0}
		{24AF1094-C581-45C1-969B-AFD2821F0DDC} = {97351903-D687-4F70-BD6F-7A05144EDD43}
		{8B995FCD-0BD2-4C33-B4DC-00A5DC8202CC} = {C68C7CBD-01F4-4C72-88A5-BF13605B7283}
		{7F1389D6-F83E-44A8-B519-A3B843F55B61} = {388ED787-FC11-4DAA-8A81-B11F59437018}
	EndGlobalSection
	GlobalSection(ExtensibilityGlobals) = postSolution
		SolutionGuid = {B004636A-1D4A-4642-85DD-E04A31084FD2}
	EndGlobalSection
EndGlobal
